<Solution>
  <Project Path="Shared.Common/Shared.Common.csproj" />
  <Project Path="Shared.Entities/Shared.Entities.csproj" />
  <Project Path="Shared.Jwt/Shared.Jwt.csproj" />
  <Project Path="Shared.Swagger/Shared.Swagger.csproj" />
  <Project Path="WebApiTemplateSingle/WebApiTemplateSingle.csproj" />
</Solution>
